// !$*UTF8*$!
{
	archiveVersion = 1;
	classes = {
	};
	objectVersion = 46;
	objects = {

/* Begin PBXBuildFile section */
		AA77C0961BF9DD5400ECA286 /* AppDelegate.swift in Sources */ = {isa = PBXBuildFile; fileRef = AA77C0951BF9DD5400ECA286 /* AppDelegate.swift */; };
		AA77C0981BF9DD5400ECA286 /* ViewController.swift in Sources */ = {isa = PBXBuildFile; fileRef = AA77C0971BF9DD5400ECA286 /* ViewController.swift */; };
		AA77C09B1BF9DD5400ECA286 /* Main.storyboard in Resources */ = {isa = PBXBuildFile; fileRef = AA77C0991BF9DD5400ECA286 /* Main.storyboard */; };
		AA77C09D1BF9DD5400ECA286 /* Assets.xcassets in Resources */ = {isa = PBXBuildFile; fileRef = AA77C09C1BF9DD5400ECA286 /* Assets.xcassets */; };
		AA77C0A01BF9DD5400ECA286 /* LaunchScreen.storyboard in Resources */ = {isa = PBXBuildFile; fileRef = AA77C09E1BF9DD5400ECA286 /* LaunchScreen.storyboard */; };
/* End PBXBuildFile section */

/* Begin PBXFileReference section */
		AA77C0921BF9DD5400ECA286 /* CustomCollectionView.app */ = {isa = PBXFileReference; explicitFileType = wrapper.application; includeInIndex = 0; path = CustomCollectionView.app; sourceTree = BUILT_PRODUCTS_DIR; };
		AA77C0951BF9DD5400ECA286 /* AppDelegate.swift */ = {isa = PBXFileReference; lastKnownFileType = sourcecode.swift; path = AppDelegate.swift; sourceTree = "<group>"; };
		AA77C0971BF9DD5400ECA286 /* ViewController.swift */ = {isa = PBXFileReference; lastKnownFileType = sourcecode.swift; path = ViewController.swift; sourceTree = "<group>"; };
		AA77C09A1BF9DD5400ECA286 /* Base */ = {isa = PBXFileReference; lastKnownFileType = file.storyboard; name = Base; path = Base.lproj/Main.storyboard; sourceTree = "<group>"; };
		AA77C09C1BF9DD5400ECA286 /* Assets.xcassets */ = {isa = PBXFileReference; lastKnownFileType = folder.assetcatalog; path = Assets.xcassets; sourceTree = "<group>"; };
		AA77C09F1BF9DD5400ECA286 /* Base */ = {isa = PBXFileReference; lastKnownFileType = file.storyboard; name = Base; path = Base.lproj/LaunchScreen.storyboard; sourceTree = "<group>"; };
		AA77C0A11BF9DD5400ECA286 /* Info.plist */ = {isa = PBXFileReference; lastKnownFileType = text.plist.xml; path = Info.plist; sourceTree = "<group>"; };
/* End PBXFileReference section */

/* Begin PBXFrameworksBuildPhase section */
		AA77C08F1BF9DD5400ECA286 /* Frameworks */ = {
			isa = PBXFrameworksBuildPhase;
			buildActionMask = 2147483647;
			files = (
			);
			runOnlyForDeploymentPostprocessing = 0;
		};
/* End PBXFrameworksBuildPhase section */

/* Begin PBXGroup section */
		AA77C0891BF9DD5400ECA286 = {
			isa = PBXGroup;
			children = (
				AA77C0941BF9DD5400ECA286 /* CustomCollectionView */,
				AA77C0931BF9DD5400ECA286 /* Products */,
			);
			sourceTree = "<group>";
		};
		AA77C0931BF9DD5400ECA286 /* Products */ = {
			isa = PBXGroup;
			children = (
				AA77C0921BF9DD5400ECA286 /* CustomCollectionView.app */,
			);
			name = Products;
			sourceTree = "<group>";
		};
		AA77C0941BF9DD5400ECA286 /* CustomCollectionView */ = {
			isa = PBXGroup;
			children = (
				AA77C0951BF9DD5400ECA286 /* AppDelegate.swift */,
				AA77C0971BF9DD5400ECA286 /* ViewController.swift */,
				AA77C0991BF9DD5400ECA286 /* Main.storyboard */,
				AA77C09C1BF9DD5400ECA286 /* Assets.xcassets */,
				AA77C09E1BF9DD5400ECA286 /* LaunchScreen.storyboard */,
				AA77C0A11BF9DD5400ECA286 /* Info.plist */,
			);
			path = CustomCollectionView;
			sourceTree = "<group>";
		};
/* End PBXGroup section */

/* Begin PBXNativeTarget section */
		AA77C0911BF9DD5400ECA286 /* CustomCollectionView */ = {
			isa = PBXNativeTarget;
			buildConfigurationList = AA77C0A41BF9DD5500ECA286 /* Build configuration list for PBXNativeTarget "CustomCollectionView" */;
			buildPhases = (
				AA77C08E1BF9DD5400ECA286 /* Sources */,
				AA77C08F1BF9DD5400ECA286 /* Frameworks */,
				AA77C0901BF9DD5400ECA286 /* Resources */,
			);
			buildRules = (
			);
			dependencies = (
			);
			name = CustomCollectionView;
			productName = CustomCollectionView;
			productReference = AA77C0921BF9DD5400ECA286 /* CustomCollectionView.app */;
			productType = "com.apple.product-type.application";
		};
/* End PBXNativeTarget section */

/* Begin PBXProject section */
		AA77C08A1BF9DD5400ECA286 /* Project object */ = {
			isa = PBXProject;
			attributes = {
				LastSwiftUpdateCheck = 0710;
				LastUpgradeCheck = 0710;
				ORGANIZATIONNAME = KaboomLab;
				TargetAttributes = {
					AA77C0911BF9DD5400ECA286 = {
						CreatedOnToolsVersion = 7.1;
					};
				};
			};
			buildConfigurationList = AA77C08D1BF9DD5400ECA286 /* Build configuration list for PBXProject "CustomCollectionView" */;
			compatibilityVersion = "Xcode 3.2";
			developmentRegion = English;
			hasScannedForEncodings = 0;
			knownRegions = (
				en,
				Base,
			);
			mainGroup = AA77C0891BF9DD5400ECA286;
			productRefGroup = AA77C0931BF9DD5400ECA286 /* Products */;
			projectDirPath = "";
			projectRoot = "";
			targets = (
				AA77C0911BF9DD5400ECA286 /* CustomCollectionView */,
			);
		};
/* End PBXProject section */

/* Begin PBXResourcesBuildPhase section */
		AA77C0901BF9DD5400ECA286 /* Resources */ = {
			isa = PBXResourcesBuildPhase;
			buildActionMask = 2147483647;
			files = (
				AA77C0A01BF9DD5400ECA286 /* LaunchScreen.storyboard in Resources */,
				AA77C09D1BF9DD5400ECA286 /* Assets.xcassets in Resources */,
				AA77C09B1BF9DD5400ECA286 /* Main.storyboard in Resources */,
			);
			runOnlyForDeploymentPostprocessing = 0;
		};
/* End PBXResourcesBuildPhase section */

/* Begin PBXSourcesBuildPhase section */
		AA77C08E1BF9DD5400ECA286 /* Sources */ = {
			isa = PBXSourcesBuildPhase;
			buildActionMask = 2147483647;
			files = (
				AA77C0981BF9DD5400ECA286 /* ViewController.swift in Sources */,
				AA77C0961BF9DD5400ECA286 /* AppDelegate.swift in Sources */,
			);
			runOnlyForDeploymentPostprocessing = 0;
		};
/* End PBXSourcesBuildPhase section */

/* Begin PBXVariantGroup section */
		AA77C0991BF9DD5400ECA286 /* Main.storyboard */ = {
			isa = PBXVariantGroup;
			children = (
				AA77C09A1BF9DD5400ECA286 /* Base */,
			);
			name = Main.storyboard;
			sourceTree = "<group>";
		};
		AA77C09E1BF9DD5400ECA286 /* LaunchScreen.storyboard */ = {
			isa = PBXVariantGroup;
			children = (
				AA77C09F1BF9DD5400ECA286 /* Base */,
			);
			name = LaunchScreen.storyboard;
			sourceTree = "<group>";
		};
/* End PBXVariantGroup section */

/* Begin XCBuildConfiguration section */
		AA77C0A21BF9DD5500ECA286 /* Debug */ = {
			isa = XCBuildConfiguration;
			buildSettings = {
				ALWAYS_SEARCH_USER_PATHS = NO;
				CLANG_CXX_LANGUAGE_STANDARD = "gnu++0x";
				CLANG_CXX_LIBRARY = "libc++";
				CLANG_ENABLE_MODULES = YES;
				CLANG_ENABLE_OBJC_ARC = YES;
				CLANG_WARN_BOOL_CONVERSION = YES;
				CLANG_WARN_CONSTANT_CONVERSION = YES;
				CLANG_WARN_DIRECT_OBJC_ISA_USAGE = YES_ERROR;
				CLANG_WARN_EMPTY_BODY = YES;
				CLANG_WARN_ENUM_CONVERSION = YES;
				CLANG_WARN_INT_CONVERSION = YES;
				CLANG_WARN_OBJC_ROOT_CLASS = YES_ERROR;
				CLANG_WARN_UNREACHABLE_CODE = YES;
				CLANG_WARN__DUPLICATE_METHOD_MATCH = YES;
				"CODE_SIGN_IDENTITY[sdk=iphoneos*]" = "iPhone Developer";
				COPY_PHASE_STRIP = NO;
				DEBUG_INFORMATION_FORMAT = dwarf;
				ENABLE_STRICT_OBJC_MSGSEND = YES;
				ENABLE_TESTABILITY = YES;
				GCC_C_LANGUAGE_STANDARD = gnu99;
				GCC_DYNAMIC_NO_PIC = NO;
				GCC_NO_COMMON_BLOCKS = YES;
				GCC_OPTIMIZATION_LEVEL = 0;
				GCC_PREPROCESSOR_DEFINITIONS = (
					"DEBUG=1",
					"$(inherited)",
				);
				GCC_WARN_64_TO_32_BIT_CONVERSION = YES;
				GCC_WARN_ABOUT_RETURN_TYPE = YES_ERROR;
				GCC_WARN_UNDECLARED_SELECTOR = YES;
				GCC_WARN_UNINITIALIZED_AUTOS = YES_AGGRESSIVE;
				GCC_WARN_UNUSED_FUNCTION = YES;
				GCC_WARN_UNUSED_VARIABLE = YES;
				IPHONEOS_DEPLOYMENT_TARGET = 9.1;
				MTL_ENABLE_DEBUG_INFO = YES;
				ONLY_ACTIVE_ARCH = YES;
				SDKROOT = iphoneos;
				SWIFT_OPTIMIZATION_LEVEL = "-Onone";
				TARGETED_DEVICE_FAMILY = "1,2";
			};
			name = Debug;
		};
		AA77C0A31BF9DD5500ECA286 /* Release */ = {
			isa = XCBuildConfiguration;
			buildSettings = {
				ALWAYS_SEARCH_USER_PATHS = NO;
				CLANG_CXX_LANGUAGE_STANDARD = "gnu++0x";
				CLANG_CXX_LIBRARY = "libc++";
				CLANG_ENABLE_MODULES = YES;
				CLANG_ENABLE_OBJC_ARC = YES;
				CLANG_WARN_BOOL_CONVERSION = YES;
				CLANG_WARN_CONSTANT_CONVERSION = YES;
				CLANG_WARN_DIRECT_OBJC_ISA_USAGE = YES_ERROR;
				CLANG_WARN_EMPTY_BODY = YES;
				CLANG_WARN_ENUM_CONVERSION = YES;
				CLANG_WARN_INT_CONVERSION = YES;
				CLANG_WARN_OBJC_ROOT_CLASS = YES_ERROR;
				CLANG_WARN_UNREACHABLE_CODE = YES;
				CLANG_WARN__DUPLICATE_METHOD_MATCH = YES;
				"CODE_SIGN_IDENTITY[sdk=iphoneos*]" = "iPhone Developer";
				COPY_PHASE_STRIP = NO;
				DEBUG_INFORMATION_FORMAT = "dwarf-with-dsym";
				ENABLE_NS_ASSERTIONS = NO;
				ENABLE_STRICT_OBJC_MSGSEND = YES;
				GCC_C_LANGUAGE_STANDARD = gnu99;
				GCC_NO_COMMON_BLOCKS = YES;
				GCC_WARN_64_TO_32_BIT_CONVERSION = YES;
				GCC_WARN_ABOUT_RETURN_TYPE = YES_ERROR;
				GCC_WARN_UNDECLARED_SELECTOR = YES;
				GCC_WARN_UNINITIALIZED_AUTOS = YES_AGGRESSIVE;
				GCC_WARN_UNUSED_FUNCTION = YES;
				GCC_WARN_UNUSED_VARIABLE = YES;
				IPHONEOS_DEPLOYMENT_TARGET = 9.1;
				MTL_ENABLE_DEBUG_INFO = NO;
				SDKROOT = iphoneos;
				TARGETED_DEVICE_FAMILY = "1,2";
				VALIDATE_PRODUCT = YES;
			};
			name = Release;
		};
		AA77C0A51BF9DD5500ECA286 /* Debug */ = {
			isa = XCBuildConfiguration;
			buildSettings = {
				ASSETCATALOG_COMPILER_APPICON_NAME = AppIcon;
				INFOPLIST_FILE = CustomCollectionView/Info.plist;
				LD_RUNPATH_SEARCH_PATHS = "$(inherited) @executable_path/Frameworks";
				PRODUCT_BUNDLE_IDENTIFIER = com.kaboomlab.CustomCollectionView;
				PRODUCT_NAME = "$(TARGET_NAME)";
			};
			name = Debug;
		};
		AA77C0A61BF9DD5500ECA286 /* Release */ = {
			isa = XCBuildConfiguration;
			buildSettings = {
				ASSETCATALOG_COMPILER_APPICON_NAME = AppIcon;
				INFOPLIST_FILE = CustomCollectionView/Info.plist;
				LD_RUNPATH_SEARCH_PATHS = "$(inherited) @executable_path/Frameworks";
				PRODUCT_BUNDLE_IDENTIFIER = com.kaboomlab.CustomCollectionView;
				PRODUCT_NAME = "$(TARGET_NAME)";
			};
			name = Release;
		};
/* End XCBuildConfiguration section */

/* Begin XCConfigurationList section */
		AA77C08D1BF9DD5400ECA286 /* Build configuration list for PBXProject "CustomCollectionView" */ = {
			isa = XCConfigurationList;
			buildConfigurations = (
				AA77C0A21BF9DD5500ECA286 /* Debug */,
				AA77C0A31BF9DD5500ECA286 /* Release */,
			);
			defaultConfigurationIsVisible = 0;
			defaultConfigurationName = Release;
		};
		AA77C0A41BF9DD5500ECA286 /* Build configuration list for PBXNativeTarget "CustomCollectionView" */ = {
			isa = XCConfigurationList;
			buildConfigurations = (
				AA77C0A51BF9DD5500ECA286 /* Debug */,
				AA77C0A61BF9DD5500ECA286 /* Release */,
			);
			defaultConfigurationIsVisible = 0;
		};
/* End XCConfigurationList section */
	};
	rootObject = AA77C08A1BF9DD5400ECA286 /* Project object */;
}
